// !$*UTF8*$!
{
	archiveVersion = 1;
	classes = {
	};
	objectVersion = 50;
	objects = {

/* Begin PBXBuildFile section */
		AB2E899925A4FFDB0095DF65 /* WetherManager.swift in Sources */ = {isa = PBXBuildFile; fileRef = AB2E899825A4FFDB0095DF65 /* WetherManager.swift */; };
		ABB1917125A2AB2500B597A7 /* AppDelegate.swift in Sources */ = {isa = PBXBuildFile; fileRef = ABB1917025A2AB2500B597A7 /* AppDelegate.swift */; };
		ABB1917325A2AB2500B597A7 /* SceneDelegate.swift in Sources */ = {isa = PBXBuildFile; fileRef = ABB1917225A2AB2500B597A7 /* SceneDelegate.swift */; };
		ABB1917525A2AB2500B597A7 /* ViewController.swift in Sources */ = {isa = PBXBuildFile; fileRef = ABB1917425A2AB2500B597A7 /* ViewController.swift */; };
		ABB1917825A2AB2500B597A7 /* Main.storyboard in Resources */ = {isa = PBXBuildFile; fileRef = ABB1917625A2AB2500B597A7 /* Main.storyboard */; };
		ABB1917B25A2AB2500B597A7 /* GetWether.xcdatamodeld in Sources */ = {isa = PBXBuildFile; fileRef = ABB1917925A2AB2500B597A7 /* GetWether.xcdatamodeld */; };
		ABB1917D25A2AB2600B597A7 /* Assets.xcassets in Resources */ = {isa = PBXBuildFile; fileRef = ABB1917C25A2AB2600B597A7 /* Assets.xcassets */; };
		ABB1918025A2AB2600B597A7 /* LaunchScreen.storyboard in Resources */ = {isa = PBXBuildFile; fileRef = ABB1917E25A2AB2600B597A7 /* LaunchScreen.storyboard */; };
		ABE02F1325A5CFF200B30FC6 /* WetherData.swift in Sources */ = {isa = PBXBuildFile; fileRef = ABE02F1225A5CFF200B30FC6 /* WetherData.swift */; };
		ABE02F1625A5F92A00B30FC6 /* WeatherModel.swift in Sources */ = {isa = PBXBuildFile; fileRef = ABE02F1525A5F92A00B30FC6 /* WeatherModel.swift */; };
/* End PBXBuildFile section */

/* Begin PBXFileReference section */
		AB2E899825A4FFDB0095DF65 /* WetherManager.swift */ = {isa = PBXFileReference; lastKnownFileType = sourcecode.swift; path = WetherManager.swift; sourceTree = "<group>"; };
		ABB1916D25A2AB2500B597A7 /* GetWether.app */ = {isa = PBXFileReference; explicitFileType = wrapper.application; includeInIndex = 0; path = GetWether.app; sourceTree = BUILT_PRODUCTS_DIR; };
		ABB1917025A2AB2500B597A7 /* AppDelegate.swift */ = {isa = PBXFileReference; lastKnownFileType = sourcecode.swift; path = AppDelegate.swift; sourceTree = "<group>"; };
		ABB1917225A2AB2500B597A7 /* SceneDelegate.swift */ = {isa = PBXFileReference; lastKnownFileType = sourcecode.swift; path = SceneDelegate.swift; sourceTree = "<group>"; };
		ABB1917425A2AB2500B597A7 /* ViewController.swift */ = {isa = PBXFileReference; lastKnownFileType = sourcecode.swift; path = ViewController.swift; sourceTree = "<group>"; };
		ABB1917725A2AB2500B597A7 /* Base */ = {isa = PBXFileReference; lastKnownFileType = file.storyboard; name = Base; path = Base.lproj/Main.storyboard; sourceTree = "<group>"; };
		ABB1917A25A2AB2500B597A7 /* GetWether.xcdatamodel */ = {isa = PBXFileReference; lastKnownFileType = wrapper.xcdatamodel; path = GetWether.xcdatamodel; sourceTree = "<group>"; };
		ABB1917C25A2AB2600B597A7 /* Assets.xcassets */ = {isa = PBXFileReference; lastKnownFileType = folder.assetcatalog; path = Assets.xcassets; sourceTree = "<group>"; };
		ABB1917F25A2AB2600B597A7 /* Base */ = {isa = PBXFileReference; lastKnownFileType = file.storyboard; name = Base; path = Base.lproj/LaunchScreen.storyboard; sourceTree = "<group>"; };
		ABB1918125A2AB2600B597A7 /* Info.plist */ = {isa = PBXFileReference; lastKnownFileType = text.plist.xml; path = Info.plist; sourceTree = "<group>"; };
		ABE02F1225A5CFF200B30FC6 /* WetherData.swift */ = {isa = PBXFileReference; lastKnownFileType = sourcecode.swift; path = WetherData.swift; sourceTree = "<group>"; };
		ABE02F1525A5F92A00B30FC6 /* WeatherModel.swift */ = {isa = PBXFileReference; lastKnownFileType = sourcecode.swift; path = WeatherModel.swift; sourceTree = "<group>"; };
/* End PBXFileReference section */

/* Begin PBXFrameworksBuildPhase section */
		ABB1916A25A2AB2500B597A7 /* Frameworks */ = {
			isa = PBXFrameworksBuildPhase;
			buildActionMask = 2147483647;
			files = (
			);
			runOnlyForDeploymentPostprocessing = 0;
		};
/* End PBXFrameworksBuildPhase section */

/* Begin PBXGroup section */
		ABB1916425A2AB2500B597A7 = {
			isa = PBXGroup;
			children = (
				ABB1916F25A2AB2500B597A7 /* GetWether */,
				ABB1916E25A2AB2500B597A7 /* Products */,
			);
			sourceTree = "<group>";
		};
		ABB1916E25A2AB2500B597A7 /* Products */ = {
			isa = PBXGroup;
			children = (
				ABB1916D25A2AB2500B597A7 /* GetWether.app */,
			);
			name = Products;
			sourceTree = "<group>";
		};
		ABB1916F25A2AB2500B597A7 /* GetWether */ = {
			isa = PBXGroup;
			children = (
				ABB1918825A2AB3000B597A7 /* Model */,
				ABB1917025A2AB2500B597A7 /* AppDelegate.swift */,
				ABB1917225A2AB2500B597A7 /* SceneDelegate.swift */,
				ABB1917425A2AB2500B597A7 /* ViewController.swift */,
				ABB1917625A2AB2500B597A7 /* Main.storyboard */,
				ABB1917C25A2AB2600B597A7 /* Assets.xcassets */,
				ABB1917E25A2AB2600B597A7 /* LaunchScreen.storyboard */,
				ABB1918125A2AB2600B597A7 /* Info.plist */,
				ABB1917925A2AB2500B597A7 /* GetWether.xcdatamodeld */,
			);
			path = GetWether;
			sourceTree = "<group>";
		};
		ABB1918825A2AB3000B597A7 /* Model */ = {
			isa = PBXGroup;
			children = (
				AB2E899825A4FFDB0095DF65 /* WetherManager.swift */,
				ABE02F1225A5CFF200B30FC6 /* WetherData.swift */,
				ABE02F1525A5F92A00B30FC6 /* WeatherModel.swift */,
			);
			path = Model;
			sourceTree = "<group>";
		};
/* End PBXGroup section */

/* Begin PBXNativeTarget section */
		ABB1916C25A2AB2500B597A7 /* GetWether */ = {
			isa = PBXNativeTarget;
			buildConfigurationList = ABB1918425A2AB2600B597A7 /* Build configuration list for PBXNativeTarget "GetWether" */;
			buildPhases = (
				ABB1916925A2AB2500B597A7 /* Sources */,
				ABB1916A25A2AB2500B597A7 /* Frameworks */,
				ABB1916B25A2AB2500B597A7 /* Resources */,
			);
			buildRules = (
			);
			dependencies = (
			);
			name = GetWether;
			productName = GetWether;
			productReference = ABB1916D25A2AB2500B597A7 /* GetWether.app */;
			productType = "com.apple.product-type.application";
		};
/* End PBXNativeTarget section */

/* Begin PBXProject section */
		ABB1916525A2AB2500B597A7 /* Project object */ = {
			isa = PBXProject;
			attributes = {
				LastSwiftUpdateCheck = 1230;
				LastUpgradeCheck = 1230;
				TargetAttributes = {
					ABB1916C25A2AB2500B597A7 = {
						CreatedOnToolsVersion = 12.3;
					};
				};
			};
			buildConfigurationList = ABB1916825A2AB2500B597A7 /* Build configuration list for PBXProject "GetWether" */;
			compatibilityVersion = "Xcode 9.3";
			developmentRegion = en;
			hasScannedForEncodings = 0;
			knownRegions = (
				en,
				Base,
			);
			mainGroup = ABB1916425A2AB2500B597A7;
			productRefGroup = ABB1916E25A2AB2500B597A7 /* Products */;
			projectDirPath = "";
			projectRoot = "";
			targets = (
				ABB1916C25A2AB2500B597A7 /* GetWether */,
			);
		};
/* End PBXProject section */

/* Begin PBXResourcesBuildPhase section */
		ABB1916B25A2AB2500B597A7 /* Resources */ = {
			isa = PBXResourcesBuildPhase;
			buildActionMask = 2147483647;
			files = (
				ABB1918025A2AB2600B597A7 /* LaunchScreen.storyboard in Resources */,
				ABB1917D25A2AB2600B597A7 /* Assets.xcassets in Resources */,
				ABB1917825A2AB2500B597A7 /* Main.storyboard in Resources */,
			);
			runOnlyForDeploymentPostprocessing = 0;
		};
/* End PBXResourcesBuildPhase section */

/* Begin PBXSourcesBuildPhase section */
		ABB1916925A2AB2500B597A7 /* Sources */ = {
			isa = PBXSourcesBuildPhase;
			buildActionMask = 2147483647;
			files = (
				ABE02F1325A5CFF200B30FC6 /* WetherData.swift in Sources */,
				ABB1917525A2AB2500B597A7 /* ViewController.swift in Sources */,
				ABB1917B25A2AB2500B597A7 /* GetWether.xcdatamodeld in Sources */,
				ABE02F1625A5F92A00B30FC6 /* WeatherModel.swift in Sources */,
				AB2E899925A4FFDB0095DF65 /* WetherManager.swift in Sources */,
				ABB1917125A2AB2500B597A7 /* AppDelegate.swift in Sources */,
				ABB1917325A2AB2500B597A7 /* SceneDelegate.swift in Sources */,
			);
			runOnlyForDeploymentPostprocessing = 0;
		};
/* End PBXSourcesBuildPhase section */

/* Begin PBXVariantGroup section */
		ABB1917625A2AB2500B597A7 /* Main.storyboard */ = {
			isa = PBXVariantGroup;
			children = (
				ABB1917725A2AB2500B597A7 /* Base */,
			);
			name = Main.storyboard;
			sourceTree = "<group>";
		};
		ABB1917E25A2AB2600B597A7 /* LaunchScreen.storyboard */ = {
			isa = PBXVariantGroup;
			children = (
				ABB1917F25A2AB2600B597A7 /* Base */,
			);
			name = LaunchScreen.storyboard;
			sourceTree = "<group>";
		};
/* End PBXVariantGroup section */

/* Begin XCBuildConfiguration section */
		ABB1918225A2AB2600B597A7 /* Debug */ = {
			isa = XCBuildConfiguration;
			buildSettings = {
				ALWAYS_SEARCH_USER_PATHS = NO;
				CLANG_ANALYZER_NONNULL = YES;
				CLANG_ANALYZER_NUMBER_OBJECT_CONVERSION = YES_AGGRESSIVE;
				CLANG_CXX_LANGUAGE_STANDARD = "gnu++14";
				CLANG_CXX_LIBRARY = "libc++";
				CLANG_ENABLE_MODULES = YES;
				CLANG_ENABLE_OBJC_ARC = YES;
				CLANG_ENABLE_OBJC_WEAK = YES;
				CLANG_WARN_BLOCK_CAPTURE_AUTORELEASING = YES;
				CLANG_WARN_BOOL_CONVERSION = YES;
				CLANG_WARN_COMMA = YES;
				CLANG_WARN_CONSTANT_CONVERSION = YES;
				CLANG_WARN_DEPRECATED_OBJC_IMPLEMENTATIONS = YES;
				CLANG_WARN_DIRECT_OBJC_ISA_USAGE = YES_ERROR;
				CLANG_WARN_DOCUMENTATION_COMMENTS = YES;
				CLANG_WARN_EMPTY_BODY = YES;
				CLANG_WARN_ENUM_CONVERSION = YES;
				CLANG_WARN_INFINITE_RECURSION = YES;
				CLANG_WARN_INT_CONVERSION = YES;
				CLANG_WARN_NON_LITERAL_NULL_CONVERSION = YES;
				CLANG_WARN_OBJC_IMPLICIT_RETAIN_SELF = YES;
				CLANG_WARN_OBJC_LITERAL_CONVERSION = YES;
				CLANG_WARN_OBJC_ROOT_CLASS = YES_ERROR;
				CLANG_WARN_QUOTED_INCLUDE_IN_FRAMEWORK_HEADER = YES;
				CLANG_WARN_RANGE_LOOP_ANALYSIS = YES;
				CLANG_WARN_STRICT_PROTOTYPES = YES;
				CLANG_WARN_SUSPICIOUS_MOVE = YES;
				CLANG_WARN_UNGUARDED_AVAILABILITY = YES_AGGRESSIVE;
				CLANG_WARN_UNREACHABLE_CODE = YES;
				CLANG_WARN__DUPLICATE_METHOD_MATCH = YES;
				COPY_PHASE_STRIP = NO;
				DEBUG_INFORMATION_FORMAT = dwarf;
				ENABLE_STRICT_OBJC_MSGSEND = YES;
				ENABLE_TESTABILITY = YES;
				GCC_C_LANGUAGE_STANDARD = gnu11;
				GCC_DYNAMIC_NO_PIC = NO;
				GCC_NO_COMMON_BLOCKS = YES;
				GCC_OPTIMIZATION_LEVEL = 0;
				GCC_PREPROCESSOR_DEFINITIONS = (
					"DEBUG=1",
					"$(inherited)",
				);
				GCC_WARN_64_TO_32_BIT_CONVERSION = YES;
				GCC_WARN_ABOUT_RETURN_TYPE = YES_ERROR;
				GCC_WARN_UNDECLARED_SELECTOR = YES;
				GCC_WARN_UNINITIALIZED_AUTOS = YES_AGGRESSIVE;
				GCC_WARN_UNUSED_FUNCTION = YES;
				GCC_WARN_UNUSED_VARIABLE = YES;
				IPHONEOS_DEPLOYMENT_TARGET = 14.3;
				MTL_ENABLE_DEBUG_INFO = INCLUDE_SOURCE;
				MTL_FAST_MATH = YES;
				ONLY_ACTIVE_ARCH = YES;
				SDKROOT = iphoneos;
				SWIFT_ACTIVE_COMPILATION_CONDITIONS = DEBUG;
				SWIFT_OPTIMIZATION_LEVEL = "-Onone";
			};
			name = Debug;
		};
		ABB1918325A2AB2600B597A7 /* Release */ = {
			isa = XCBuildConfiguration;
			buildSettings = {
				ALWAYS_SEARCH_USER_PATHS = NO;
				CLANG_ANALYZER_NONNULL = YES;
				CLANG_ANALYZER_NUMBER_OBJECT_CONVERSION = YES_AGGRESSIVE;
				CLANG_CXX_LANGUAGE_STANDARD = "gnu++14";
				CLANG_CXX_LIBRARY = "libc++";
				CLANG_ENABLE_MODULES = YES;
				CLANG_ENABLE_OBJC_ARC = YES;
				CLANG_ENABLE_OBJC_WEAK = YES;
				CLANG_WARN_BLOCK_CAPTURE_AUTORELEASING = YES;
				CLANG_WARN_BOOL_CONVERSION = YES;
				CLANG_WARN_COMMA = YES;
				CLANG_WARN_CONSTANT_CONVERSION = YES;
				CLANG_WARN_DEPRECATED_OBJC_IMPLEMENTATIONS = YES;
				CLANG_WARN_DIRECT_OBJC_ISA_USAGE = YES_ERROR;
				CLANG_WARN_DOCUMENTATION_COMMENTS = YES;
				CLANG_WARN_EMPTY_BODY = YES;
				CLANG_WARN_ENUM_CONVERSION = YES;
				CLANG_WARN_INFINITE_RECURSION = YES;
				CLANG_WARN_INT_CONVERSION = YES;
				CLANG_WARN_NON_LITERAL_NULL_CONVERSION = YES;
				CLANG_WARN_OBJC_IMPLICIT_RETAIN_SELF = YES;
				CLANG_WARN_OBJC_LITERAL_CONVERSION = YES;
				CLANG_WARN_OBJC_ROOT_CLASS = YES_ERROR;
				CLANG_WARN_QUOTED_INCLUDE_IN_FRAMEWORK_HEADER = YES;
				CLANG_WARN_RANGE_LOOP_ANALYSIS = YES;
				CLANG_WARN_STRICT_PROTOTYPES = YES;
				CLANG_WARN_SUSPICIOUS_MOVE = YES;
				CLANG_WARN_UNGUARDED_AVAILABILITY = YES_AGGRESSIVE;
				CLANG_WARN_UNREACHABLE_CODE = YES;
				CLANG_WARN__DUPLICATE_METHOD_MATCH = YES;
				COPY_PHASE_STRIP = NO;
				DEBUG_INFORMATION_FORMAT = "dwarf-with-dsym";
				ENABLE_NS_ASSERTIONS = NO;
				ENABLE_STRICT_OBJC_MSGSEND = YES;
				GCC_C_LANGUAGE_STANDARD = gnu11;
				GCC_NO_COMMON_BLOCKS = YES;
				GCC_WARN_64_TO_32_BIT_CONVERSION = YES;
				GCC_WARN_ABOUT_RETURN_TYPE = YES_ERROR;
				GCC_WARN_UNDECLARED_SELECTOR = YES;
				GCC_WARN_UNINITIALIZED_AUTOS = YES_AGGRESSIVE;
				GCC_WARN_UNUSED_FUNCTION = YES;
				GCC_WARN_UNUSED_VARIABLE = YES;
				IPHONEOS_DEPLOYMENT_TARGET = 14.3;
				MTL_ENABLE_DEBUG_INFO = NO;
				MTL_FAST_MATH = YES;
				SDKROOT = iphoneos;
				SWIFT_COMPILATION_MODE = wholemodule;
				SWIFT_OPTIMIZATION_LEVEL = "-O";
				VALIDATE_PRODUCT = YES;
			};
			name = Release;
		};
		ABB1918525A2AB2600B597A7 /* Debug */ = {
			isa = XCBuildConfiguration;
			buildSettings = {
				ASSETCATALOG_COMPILER_APPICON_NAME = AppIcon;
				ASSETCATALOG_COMPILER_GLOBAL_ACCENT_COLOR_NAME = AccentColor;
				CODE_SIGN_STYLE = Automatic;
				DEVELOPMENT_TEAM = 8YFAAYXR6V;
				INFOPLIST_FILE = GetWether/Info.plist;
				LD_RUNPATH_SEARCH_PATHS = (
					"$(inherited)",
					"@executable_path/Frameworks",
				);
				PRODUCT_BUNDLE_IDENTIFIER = com.shemat.GetWether;
				PRODUCT_NAME = "$(TARGET_NAME)";
				SWIFT_VERSION = 5.0;
				TARGETED_DEVICE_FAMILY = "1,2";
			};
			name = Debug;
		};
		ABB1918625A2AB2600B597A7 /* Release */ = {
			isa = XCBuildConfiguration;
			buildSettings = {
				ASSETCATALOG_COMPILER_APPICON_NAME = AppIcon;
				ASSETCATALOG_COMPILER_GLOBAL_ACCENT_COLOR_NAME = AccentColor;
				CODE_SIGN_STYLE = Automatic;
				DEVELOPMENT_TEAM = 8YFAAYXR6V;
				INFOPLIST_FILE = GetWether/Info.plist;
				LD_RUNPATH_SEARCH_PATHS = (
					"$(inherited)",
					"@executable_path/Frameworks",
				);
				PRODUCT_BUNDLE_IDENTIFIER = com.shemat.GetWether;
				PRODUCT_NAME = "$(TARGET_NAME)";
				SWIFT_VERSION = 5.0;
				TARGETED_DEVICE_FAMILY = "1,2";
			};
			name = Release;
		};
/* End XCBuildConfiguration section */

/* Begin XCConfigurationList section */
		ABB1916825A2AB2500B597A7 /* Build configuration list for PBXProject "GetWether" */ = {
			isa = XCConfigurationList;
			buildConfigurations = (
				ABB1918225A2AB2600B597A7 /* Debug */,
				ABB1918325A2AB2600B597A7 /* Release */,
			);
			defaultConfigurationIsVisible = 0;
			defaultConfigurationName = Release;
		};
		ABB1918425A2AB2600B597A7 /* Build configuration list for PBXNativeTarget "GetWether" */ = {
			isa = XCConfigurationList;
			buildConfigurations = (
				ABB1918525A2AB2600B597A7 /* Debug */,
				ABB1918625A2AB2600B597A7 /* Release */,
			);
			defaultConfigurationIsVisible = 0;
			defaultConfigurationName = Release;
		};
/* End XCConfigurationList section */

/* Begin XCVersionGroup section */
		ABB1917925A2AB2500B597A7 /* GetWether.xcdatamodeld */ = {
			isa = XCVersionGroup;
			children = (
				ABB1917A25A2AB2500B597A7 /* GetWether.xcdatamodel */,
			);
			currentVersion = ABB1917A25A2AB2500B597A7 /* GetWether.xcdatamodel */;
			path = GetWether.xcdatamodeld;
			sourceTree = "<group>";
			versionGroupType = wrapper.xcdatamodel;
		};
/* End XCVersionGroup section */
	};
	rootObject = ABB1916525A2AB2500B597A7 /* Project object */;
}
